// !$*UTF8*$!
{
	archiveVersion = 1;
	classes = {
	};
	objectVersion = 51;
	objects = {

/* Begin PBXBuildFile section */
		AFD08CEAEAF16F34A3003657 /* Pods_Memories.framework in Frameworks */ = {isa = PBXBuildFile; fileRef = 9C704E949DBD895C998DFDE3 /* Pods_Memories.framework */; };
		F538329D23348BDD00068ED8 /* AppDelegate.swift in Sources */ = {isa = PBXBuildFile; fileRef = F538329C23348BDD00068ED8 /* AppDelegate.swift */; };
		F538329F23348BDD00068ED8 /* MainViewController.swift in Sources */ = {isa = PBXBuildFile; fileRef = F538329E23348BDD00068ED8 /* MainViewController.swift */; };
		F53832A223348BDD00068ED8 /* Main.storyboard in Resources */ = {isa = PBXBuildFile; fileRef = F53832A023348BDD00068ED8 /* Main.storyboard */; };
		F53832A423348BDF00068ED8 /* Assets.xcassets in Resources */ = {isa = PBXBuildFile; fileRef = F53832A323348BDF00068ED8 /* Assets.xcassets */; };
		F53832A723348BDF00068ED8 /* LaunchScreen.storyboard in Resources */ = {isa = PBXBuildFile; fileRef = F53832A523348BDF00068ED8 /* LaunchScreen.storyboard */; };
		F56A8839236167780031C775 /* ViewMomentViewController.swift in Sources */ = {isa = PBXBuildFile; fileRef = F56A8838236167780031C775 /* ViewMomentViewController.swift */; };
/* End PBXBuildFile section */

/* Begin PBXFileReference section */
		539A4A69C3A3B72BF9036662 /* Pods-Memories.debug.xcconfig */ = {isa = PBXFileReference; includeInIndex = 1; lastKnownFileType = text.xcconfig; name = "Pods-Memories.debug.xcconfig"; path = "Target Support Files/Pods-Memories/Pods-Memories.debug.xcconfig"; sourceTree = "<group>"; };
		9C704E949DBD895C998DFDE3 /* Pods_Memories.framework */ = {isa = PBXFileReference; explicitFileType = wrapper.framework; includeInIndex = 0; path = Pods_Memories.framework; sourceTree = BUILT_PRODUCTS_DIR; };
		E868097A8149788C340F9009 /* Pods-Memories.release.xcconfig */ = {isa = PBXFileReference; includeInIndex = 1; lastKnownFileType = text.xcconfig; name = "Pods-Memories.release.xcconfig"; path = "Target Support Files/Pods-Memories/Pods-Memories.release.xcconfig"; sourceTree = "<group>"; };
		F538329923348BDD00068ED8 /* Memories.app */ = {isa = PBXFileReference; explicitFileType = wrapper.application; includeInIndex = 0; path = Memories.app; sourceTree = BUILT_PRODUCTS_DIR; };
		F538329C23348BDD00068ED8 /* AppDelegate.swift */ = {isa = PBXFileReference; lastKnownFileType = sourcecode.swift; path = AppDelegate.swift; sourceTree = "<group>"; };
		F538329E23348BDD00068ED8 /* MainViewController.swift */ = {isa = PBXFileReference; lastKnownFileType = sourcecode.swift; path = MainViewController.swift; sourceTree = "<group>"; };
		F53832A123348BDD00068ED8 /* Base */ = {isa = PBXFileReference; lastKnownFileType = file.storyboard; name = Base; path = Base.lproj/Main.storyboard; sourceTree = "<group>"; };
		F53832A323348BDF00068ED8 /* Assets.xcassets */ = {isa = PBXFileReference; lastKnownFileType = folder.assetcatalog; path = Assets.xcassets; sourceTree = "<group>"; };
		F53832A623348BDF00068ED8 /* Base */ = {isa = PBXFileReference; lastKnownFileType = file.storyboard; name = Base; path = Base.lproj/LaunchScreen.storyboard; sourceTree = "<group>"; };
		F53832A823348BDF00068ED8 /* Info.plist */ = {isa = PBXFileReference; lastKnownFileType = text.plist.xml; path = Info.plist; sourceTree = "<group>"; };
		F56A8838236167780031C775 /* ViewMomentViewController.swift */ = {isa = PBXFileReference; lastKnownFileType = sourcecode.swift; path = ViewMomentViewController.swift; sourceTree = "<group>"; };
/* End PBXFileReference section */

/* Begin PBXFrameworksBuildPhase section */
		F538329623348BDD00068ED8 /* Frameworks */ = {
			isa = PBXFrameworksBuildPhase;
			buildActionMask = 2147483647;
			files = (
				AFD08CEAEAF16F34A3003657 /* Pods_Memories.framework in Frameworks */,
			);
			runOnlyForDeploymentPostprocessing = 0;
		};
/* End PBXFrameworksBuildPhase section */

/* Begin PBXGroup section */
		549C4CCEDBE5849B4394CEC8 /* Pods */ = {
			isa = PBXGroup;
			children = (
				539A4A69C3A3B72BF9036662 /* Pods-Memories.debug.xcconfig */,
				E868097A8149788C340F9009 /* Pods-Memories.release.xcconfig */,
			);
			path = Pods;
			sourceTree = "<group>";
		};
		EC4AD085897D639D7A9BE285 /* Frameworks */ = {
			isa = PBXGroup;
			children = (
				9C704E949DBD895C998DFDE3 /* Pods_Memories.framework */,
			);
			name = Frameworks;
			sourceTree = "<group>";
		};
		F538329023348BDC00068ED8 = {
			isa = PBXGroup;
			children = (
				F538329B23348BDD00068ED8 /* Memories */,
				F538329A23348BDD00068ED8 /* Products */,
				549C4CCEDBE5849B4394CEC8 /* Pods */,
				EC4AD085897D639D7A9BE285 /* Frameworks */,
			);
			sourceTree = "<group>";
		};
		F538329A23348BDD00068ED8 /* Products */ = {
			isa = PBXGroup;
			children = (
				F538329923348BDD00068ED8 /* Memories.app */,
			);
			name = Products;
			sourceTree = "<group>";
		};
		F538329B23348BDD00068ED8 /* Memories */ = {
			isa = PBXGroup;
			children = (
				F53832B023348D5200068ED8 /* Controller */,
				F53832AF23348D4E00068ED8 /* View */,
				F53832AE23348D4800068ED8 /* Model */,
				F538329C23348BDD00068ED8 /* AppDelegate.swift */,
				F53832A823348BDF00068ED8 /* Info.plist */,
			);
			path = Memories;
			sourceTree = "<group>";
		};
		F53832AE23348D4800068ED8 /* Model */ = {
			isa = PBXGroup;
			children = (
			);
			path = Model;
			sourceTree = "<group>";
		};
		F53832AF23348D4E00068ED8 /* View */ = {
			isa = PBXGroup;
			children = (
				F53832A023348BDD00068ED8 /* Main.storyboard */,
				F53832A323348BDF00068ED8 /* Assets.xcassets */,
				F53832A523348BDF00068ED8 /* LaunchScreen.storyboard */,
			);
			path = View;
			sourceTree = "<group>";
		};
		F53832B023348D5200068ED8 /* Controller */ = {
			isa = PBXGroup;
			children = (
				F538329E23348BDD00068ED8 /* MainViewController.swift */,
				F56A8838236167780031C775 /* ViewMomentViewController.swift */,
			);
			path = Controller;
			sourceTree = "<group>";
		};
/* End PBXGroup section */

/* Begin PBXNativeTarget section */
		F538329823348BDD00068ED8 /* Memories */ = {
			isa = PBXNativeTarget;
			buildConfigurationList = F53832AB23348BDF00068ED8 /* Build configuration list for PBXNativeTarget "Memories" */;
			buildPhases = (
				5237052D4E818372F1A438F4 /* [CP] Check Pods Manifest.lock */,
				F538329523348BDD00068ED8 /* Sources */,
				F538329623348BDD00068ED8 /* Frameworks */,
				F538329723348BDD00068ED8 /* Resources */,
				943A504F2AB241695D3A3CDE /* [CP] Embed Pods Frameworks */,
			);
			buildRules = (
			);
			dependencies = (
			);
			name = Memories;
			productName = Memories;
			productReference = F538329923348BDD00068ED8 /* Memories.app */;
			productType = "com.apple.product-type.application";
		};
/* End PBXNativeTarget section */

/* Begin PBXProject section */
		F538329123348BDC00068ED8 /* Project object */ = {
			isa = PBXProject;
			attributes = {
				LastSwiftUpdateCheck = 1030;
				LastUpgradeCheck = 1030;
				ORGANIZATIONNAME = "Tarek Hatata";
				TargetAttributes = {
					F538329823348BDD00068ED8 = {
						CreatedOnToolsVersion = 10.3;
					};
				};
			};
			buildConfigurationList = F538329423348BDC00068ED8 /* Build configuration list for PBXProject "Memories" */;
			compatibilityVersion = "Xcode 9.3";
			developmentRegion = en;
			hasScannedForEncodings = 0;
			knownRegions = (
				en,
				Base,
			);
			mainGroup = F538329023348BDC00068ED8;
			productRefGroup = F538329A23348BDD00068ED8 /* Products */;
			projectDirPath = "";
			projectRoot = "";
			targets = (
				F538329823348BDD00068ED8 /* Memories */,
			);
		};
/* End PBXProject section */

/* Begin PBXResourcesBuildPhase section */
		F538329723348BDD00068ED8 /* Resources */ = {
			isa = PBXResourcesBuildPhase;
			buildActionMask = 2147483647;
			files = (
				F53832A723348BDF00068ED8 /* LaunchScreen.storyboard in Resources */,
				F53832A423348BDF00068ED8 /* Assets.xcassets in Resources */,
				F53832A223348BDD00068ED8 /* Main.storyboard in Resources */,
			);
			runOnlyForDeploymentPostprocessing = 0;
		};
/* End PBXResourcesBuildPhase section */

/* Begin PBXShellScriptBuildPhase section */
		5237052D4E818372F1A438F4 /* [CP] Check Pods Manifest.lock */ = {
			isa = PBXShellScriptBuildPhase;
			buildActionMask = 2147483647;
			files = (
			);
			inputFileListPaths = (
			);
			inputPaths = (
				"${PODS_PODFILE_DIR_PATH}/Podfile.lock",
				"${PODS_ROOT}/Manifest.lock",
			);
			name = "[CP] Check Pods Manifest.lock";
			outputFileListPaths = (
			);
			outputPaths = (
				"$(DERIVED_FILE_DIR)/Pods-Memories-checkManifestLockResult.txt",
			);
			runOnlyForDeploymentPostprocessing = 0;
			shellPath = /bin/sh;
			shellScript = "diff \"${PODS_PODFILE_DIR_PATH}/Podfile.lock\" \"${PODS_ROOT}/Manifest.lock\" > /dev/null\nif [ $? != 0 ] ; then\n    # print error to STDERR\n    echo \"error: The sandbox is not in sync with the Podfile.lock. Run 'pod install' or update your CocoaPods installation.\" >&2\n    exit 1\nfi\n# This output is used by Xcode 'outputs' to avoid re-running this script phase.\necho \"SUCCESS\" > \"${SCRIPT_OUTPUT_FILE_0}\"\n";
			showEnvVarsInLog = 0;
		};
		943A504F2AB241695D3A3CDE /* [CP] Embed Pods Frameworks */ = {
			isa = PBXShellScriptBuildPhase;
			buildActionMask = 2147483647;
			files = (
			);
			inputFileListPaths = (
				"${PODS_ROOT}/Target Support Files/Pods-Memories/Pods-Memories-frameworks-${CONFIGURATION}-input-files.xcfilelist",
			);
			name = "[CP] Embed Pods Frameworks";
			outputFileListPaths = (
				"${PODS_ROOT}/Target Support Files/Pods-Memories/Pods-Memories-frameworks-${CONFIGURATION}-output-files.xcfilelist",
			);
			runOnlyForDeploymentPostprocessing = 0;
			shellPath = /bin/sh;
			shellScript = "\"${PODS_ROOT}/Target Support Files/Pods-Memories/Pods-Memories-frameworks.sh\"\n";
			showEnvVarsInLog = 0;
		};
/* End PBXShellScriptBuildPhase section */

/* Begin PBXSourcesBuildPhase section */
		F538329523348BDD00068ED8 /* Sources */ = {
			isa = PBXSourcesBuildPhase;
			buildActionMask = 2147483647;
			files = (
				F538329F23348BDD00068ED8 /* MainViewController.swift in Sources */,
				F56A8839236167780031C775 /* ViewMomentViewController.swift in Sources */,
				F538329D23348BDD00068ED8 /* AppDelegate.swift in Sources */,
			);
			runOnlyForDeploymentPostprocessing = 0;
		};
/* End PBXSourcesBuildPhase section */

/* Begin PBXVariantGroup section */
		F53832A023348BDD00068ED8 /* Main.storyboard */ = {
			isa = PBXVariantGroup;
			children = (
				F53832A123348BDD00068ED8 /* Base */,
			);
			name = Main.storyboard;
			sourceTree = "<group>";
		};
		F53832A523348BDF00068ED8 /* LaunchScreen.storyboard */ = {
			isa = PBXVariantGroup;
			children = (
				F53832A623348BDF00068ED8 /* Base */,
			);
			name = LaunchScreen.storyboard;
			sourceTree = "<group>";
		};
/* End PBXVariantGroup section */

/* Begin XCBuildConfiguration section */
		F53832A923348BDF00068ED8 /* Debug */ = {
			isa = XCBuildConfiguration;
			buildSettings = {
				ALWAYS_SEARCH_USER_PATHS = NO;
				CLANG_ANALYZER_NONNULL = YES;
				CLANG_ANALYZER_NUMBER_OBJECT_CONVERSION = YES_AGGRESSIVE;
				CLANG_CXX_LANGUAGE_STANDARD = "gnu++14";
				CLANG_CXX_LIBRARY = "libc++";
				CLANG_ENABLE_MODULES = YES;
				CLANG_ENABLE_OBJC_ARC = YES;
				CLANG_ENABLE_OBJC_WEAK = YES;
				CLANG_WARN_BLOCK_CAPTURE_AUTORELEASING = YES;
				CLANG_WARN_BOOL_CONVERSION = YES;
				CLANG_WARN_COMMA = YES;
				CLANG_WARN_CONSTANT_CONVERSION = YES;
				CLANG_WARN_DEPRECATED_OBJC_IMPLEMENTATIONS = YES;
				CLANG_WARN_DIRECT_OBJC_ISA_USAGE = YES_ERROR;
				CLANG_WARN_DOCUMENTATION_COMMENTS = YES;
				CLANG_WARN_EMPTY_BODY = YES;
				CLANG_WARN_ENUM_CONVERSION = YES;
				CLANG_WARN_INFINITE_RECURSION = YES;
				CLANG_WARN_INT_CONVERSION = YES;
				CLANG_WARN_NON_LITERAL_NULL_CONVERSION = YES;
				CLANG_WARN_OBJC_IMPLICIT_RETAIN_SELF = YES;
				CLANG_WARN_OBJC_LITERAL_CONVERSION = YES;
				CLANG_WARN_OBJC_ROOT_CLASS = YES_ERROR;
				CLANG_WARN_RANGE_LOOP_ANALYSIS = YES;
				CLANG_WARN_STRICT_PROTOTYPES = YES;
				CLANG_WARN_SUSPICIOUS_MOVE = YES;
				CLANG_WARN_UNGUARDED_AVAILABILITY = YES_AGGRESSIVE;
				CLANG_WARN_UNREACHABLE_CODE = YES;
				CLANG_WARN__DUPLICATE_METHOD_MATCH = YES;
				CODE_SIGN_IDENTITY = "iPhone Developer";
				COPY_PHASE_STRIP = NO;
				DEBUG_INFORMATION_FORMAT = dwarf;
				ENABLE_STRICT_OBJC_MSGSEND = YES;
				ENABLE_TESTABILITY = YES;
				GCC_C_LANGUAGE_STANDARD = gnu11;
				GCC_DYNAMIC_NO_PIC = NO;
				GCC_NO_COMMON_BLOCKS = YES;
				GCC_OPTIMIZATION_LEVEL = 0;
				GCC_PREPROCESSOR_DEFINITIONS = (
					"DEBUG=1",
					"$(inherited)",
				);
				GCC_WARN_64_TO_32_BIT_CONVERSION = YES;
				GCC_WARN_ABOUT_RETURN_TYPE = YES_ERROR;
				GCC_WARN_UNDECLARED_SELECTOR = YES;
				GCC_WARN_UNINITIALIZED_AUTOS = YES_AGGRESSIVE;
				GCC_WARN_UNUSED_FUNCTION = YES;
				GCC_WARN_UNUSED_VARIABLE = YES;
				IPHONEOS_DEPLOYMENT_TARGET = 12.4;
				MTL_ENABLE_DEBUG_INFO = INCLUDE_SOURCE;
				MTL_FAST_MATH = YES;
				ONLY_ACTIVE_ARCH = YES;
				SDKROOT = iphoneos;
				SWIFT_ACTIVE_COMPILATION_CONDITIONS = DEBUG;
				SWIFT_OPTIMIZATION_LEVEL = "-Onone";
			};
			name = Debug;
		};
		F53832AA23348BDF00068ED8 /* Release */ = {
			isa = XCBuildConfiguration;
			buildSettings = {
				ALWAYS_SEARCH_USER_PATHS = NO;
				CLANG_ANALYZER_NONNULL = YES;
				CLANG_ANALYZER_NUMBER_OBJECT_CONVERSION = YES_AGGRESSIVE;
				CLANG_CXX_LANGUAGE_STANDARD = "gnu++14";
				CLANG_CXX_LIBRARY = "libc++";
				CLANG_ENABLE_MODULES = YES;
				CLANG_ENABLE_OBJC_ARC = YES;
				CLANG_ENABLE_OBJC_WEAK = YES;
				CLANG_WARN_BLOCK_CAPTURE_AUTORELEASING = YES;
				CLANG_WARN_BOOL_CONVERSION = YES;
				CLANG_WARN_COMMA = YES;
				CLANG_WARN_CONSTANT_CONVERSION = YES;
				CLANG_WARN_DEPRECATED_OBJC_IMPLEMENTATIONS = YES;
				CLANG_WARN_DIRECT_OBJC_ISA_USAGE = YES_ERROR;
				CLANG_WARN_DOCUMENTATION_COMMENTS = YES;
				CLANG_WARN_EMPTY_BODY = YES;
				CLANG_WARN_ENUM_CONVERSION = YES;
				CLANG_WARN_INFINITE_RECURSION = YES;
				CLANG_WARN_INT_CONVERSION = YES;
				CLANG_WARN_NON_LITERAL_NULL_CONVERSION = YES;
				CLANG_WARN_OBJC_IMPLICIT_RETAIN_SELF = YES;
				CLANG_WARN_OBJC_LITERAL_CONVERSION = YES;
				CLANG_WARN_OBJC_ROOT_CLASS = YES_ERROR;
				CLANG_WARN_RANGE_LOOP_ANALYSIS = YES;
				CLANG_WARN_STRICT_PROTOTYPES = YES;
				CLANG_WARN_SUSPICIOUS_MOVE = YES;
				CLANG_WARN_UNGUARDED_AVAILABILITY = YES_AGGRESSIVE;
				CLANG_WARN_UNREACHABLE_CODE = YES;
				CLANG_WARN__DUPLICATE_METHOD_MATCH = YES;
				CODE_SIGN_IDENTITY = "iPhone Developer";
				COPY_PHASE_STRIP = NO;
				DEBUG_INFORMATION_FORMAT = "dwarf-with-dsym";
				ENABLE_NS_ASSERTIONS = NO;
				ENABLE_STRICT_OBJC_MSGSEND = YES;
				GCC_C_LANGUAGE_STANDARD = gnu11;
				GCC_NO_COMMON_BLOCKS = YES;
				GCC_WARN_64_TO_32_BIT_CONVERSION = YES;
				GCC_WARN_ABOUT_RETURN_TYPE = YES_ERROR;
				GCC_WARN_UNDECLARED_SELECTOR = YES;
				GCC_WARN_UNINITIALIZED_AUTOS = YES_AGGRESSIVE;
				GCC_WARN_UNUSED_FUNCTION = YES;
				GCC_WARN_UNUSED_VARIABLE = YES;
				IPHONEOS_DEPLOYMENT_TARGET = 12.4;
				MTL_ENABLE_DEBUG_INFO = NO;
				MTL_FAST_MATH = YES;
				SDKROOT = iphoneos;
				SWIFT_COMPILATION_MODE = wholemodule;
				SWIFT_OPTIMIZATION_LEVEL = "-O";
				VALIDATE_PRODUCT = YES;
			};
			name = Release;
		};
		F53832AC23348BDF00068ED8 /* Debug */ = {
			isa = XCBuildConfiguration;
			baseConfigurationReference = 539A4A69C3A3B72BF9036662 /* Pods-Memories.debug.xcconfig */;
			buildSettings = {
				ASSETCATALOG_COMPILER_APPICON_NAME = AppIcon;
				CODE_SIGN_STYLE = Automatic;
				DEVELOPMENT_TEAM = 5Y9J8394CK;
				INFOPLIST_FILE = Memories/Info.plist;
				LD_RUNPATH_SEARCH_PATHS = (
					"$(inherited)",
					"@executable_path/Frameworks",
				);
				PRODUCT_BUNDLE_IDENTIFIER = com.tarek.Memories;
				PRODUCT_NAME = "$(TARGET_NAME)";
				SWIFT_VERSION = 5.0;
				TARGETED_DEVICE_FAMILY = "1,2";
			};
			name = Debug;
		};
		F53832AD23348BDF00068ED8 /* Release */ = {
			isa = XCBuildConfiguration;
			baseConfigurationReference = E868097A8149788C340F9009 /* Pods-Memories.release.xcconfig */;
			buildSettings = {
				ASSETCATALOG_COMPILER_APPICON_NAME = AppIcon;
				CODE_SIGN_STYLE = Automatic;
				DEVELOPMENT_TEAM = 5Y9J8394CK;
				INFOPLIST_FILE = Memories/Info.plist;
				LD_RUNPATH_SEARCH_PATHS = (
					"$(inherited)",
					"@executable_path/Frameworks",
				);
				PRODUCT_BUNDLE_IDENTIFIER = com.tarek.Memories;
				PRODUCT_NAME = "$(TARGET_NAME)";
				SWIFT_VERSION = 5.0;
				TARGETED_DEVICE_FAMILY = "1,2";
			};
			name = Release;
		};
/* End XCBuildConfiguration section */

/* Begin XCConfigurationList section */
		F538329423348BDC00068ED8 /* Build configuration list for PBXProject "Memories" */ = {
			isa = XCConfigurationList;
			buildConfigurations = (
				F53832A923348BDF00068ED8 /* Debug */,
				F53832AA23348BDF00068ED8 /* Release */,
			);
			defaultConfigurationIsVisible = 0;
			defaultConfigurationName = Release;
		};
		F53832AB23348BDF00068ED8 /* Build configuration list for PBXNativeTarget "Memories" */ = {
			isa = XCConfigurationList;
			buildConfigurations = (
				F53832AC23348BDF00068ED8 /* Debug */,
				F53832AD23348BDF00068ED8 /* Release */,
			);
			defaultConfigurationIsVisible = 0;
			defaultConfigurationName = Release;
		};
/* End XCConfigurationList section */
	};
	rootObject = F538329123348BDC00068ED8 /* Project object */;
}
